# skilltree.lock -- DO NOT EDIT MANUALLY
# Generated by skilltree v0.17.0
lockfile_version: 1
packages:
  cybersecurity-analyst:
    type: skill
    group: prod
    path: ./skills/cybersecurity-analyst
    commit: HEAD
    dependencies: []
    source: local
  docker-dev:
    type: skill
    group: prod
    path: ./skills/docker-dev
    commit: HEAD
    dependencies: []
    source: local
  fastapi-coding:
    type: skill
    group: prod
    path: ./skills/fastapi-coding
    commit: HEAD
    dependencies: []
    source: local
  frontend-coding:
    type: skill
    group: prod
    path: ./skills/frontend-coding
    commit: HEAD
    dependencies:
      - typescript-coding
    source: local
  general-coding:
    type: skill
    group: prod
    path: ./skills/general-coding
    commit: HEAD
    dependencies: []
    source: local
  kubernetes:
    type: skill
    group: prod
    path: ./skills/kubernetes
    commit: HEAD
    dependencies: []
    source: local
  ocsf-detection-finding:
    type: skill
    group: prod
    path: ./skills/ocsf-detection-finding
    commit: HEAD
    dependencies: []
    source: local
  python-coding:
    type: skill
    group: prod
    path: ./skills/python-coding
    commit: HEAD
    dependencies: []
    source: local
  splunk-skill:
    type: skill
    group: prod
    path: ./skills/splunk-skill
    commit: HEAD
    dependencies: []
    source: local
  terraform-security-review:
    type: skill
    group: prod
    path: ./skills/terraform-security-review
    commit: HEAD
    dependencies: []
    source: local
  typescript-coding:
    type: skill
    group: prod
    path: ./skills/typescript-coding
    commit: HEAD
    dependencies: []
    source: local
install_targets:
  - .claude
